
Microsoft Visual Studio Solution File, Format Version 12.00
# Visual Studio Version 16
VisualStudioVersion = 16.0.30523.141
MinimumVisualStudioVersion = 10.0.40219.1
Project("{FAE04EC0-301F-11D3-BF4B-00C04F79EFBC}") = "DiscordAttendanceBot", "DiscordAttendanceBot\DiscordAttendanceBot.csproj", "{9F0CCDCE-6830-4486-B81F-E11F2E4F209B}"
EndProject
Global
	GlobalSection(SolutionConfigurationPlatforms) = preSolution
		Debug|Any CPU = Debug|Any CPU
		Release|Any CPU = Release|Any CPU
	EndGlobalSection
	GlobalSection(ProjectConfigurationPlatforms) = postSolution
		{9F0CCDCE-6830-4486-B81F-E11F2E4F209B}.Debug|Any CPU.ActiveCfg = Debug|Any CPU
		{9F0CCDCE-6830-4486-B81F-E11F2E4F209B}.Debug|Any CPU.Build.0 = Debug|Any CPU
		{9F0CCDCE-6830-4486-B81F-E11F2E4F209B}.Release|Any CPU.ActiveCfg = Release|Any CPU
		{9F0CCDCE-6830-4486-B81F-E11F2E4F209B}.Release|Any CPU.Build.0 = Release|Any CPU
	EndGlobalSection
	GlobalSection(SolutionProperties) = preSolution
		HideSolutionNode = FALSE
	EndGlobalSection
	GlobalSection(ExtensibilityGlobals) = postSolution
		SolutionGuid = {EC80E1BE-C5F7-4152-8B6C-A4EB2B20BAFA}
	EndGlobalSection
EndGlobal
